
Microsoft Visual Studio Solution File, Format Version 12.00
# Visual Studio Version 16
VisualStudioVersion = 16.0.30523.141
MinimumVisualStudioVersion = 10.0.40219.1
Project("{FAE04EC0-301F-11D3-BF4B-00C04F79EFBC}") = "NekoTerraria", "NekoTerraria\NekoTerraria.csproj", "{EADCDD61-D939-4759-B413-B494AB41FFF2}"
EndProject
Global
	GlobalSection(SolutionConfigurationPlatforms) = preSolution
		Debug|Any CPU = Debug|Any CPU
		Release|Any CPU = Release|Any CPU
	EndGlobalSection
	GlobalSection(ProjectConfigurationPlatforms) = postSolution
		{EADCDD61-D939-4759-B413-B494AB41FFF2}.Debug|Any CPU.ActiveCfg = Debug|Any CPU
		{EADCDD61-D939-4759-B413-B494AB41FFF2}.Debug|Any CPU.Build.0 = Debug|Any CPU
		{EADCDD61-D939-4759-B413-B494AB41FFF2}.Release|Any CPU.ActiveCfg = Release|Any CPU
		{EADCDD61-D939-4759-B413-B494AB41FFF2}.Release|Any CPU.Build.0 = Release|Any CPU
	EndGlobalSection
	GlobalSection(SolutionProperties) = preSolution
		HideSolutionNode = FALSE
	EndGlobalSection
	GlobalSection(ExtensibilityGlobals) = postSolution
		SolutionGuid = {9EDD9800-F3A5-4AA1-9630-99D2486B92F9}
	EndGlobalSection
EndGlobal
